
Microsoft Visual Studio Solution File, Format Version 12.00
Project("{FAE04EC0-301F-11D3-BF4B-00C04F79EFBC}") = "Messenger", "Messenger\Messenger.csproj", "{D710F7DD-37C5-4C35-9AA6-AD8053D4CD6A}"
EndProject
Global
	GlobalSection(SolutionConfigurationPlatforms) = preSolution
		Debug|Any CPU = Debug|Any CPU
		Release|Any CPU = Release|Any CPU
	EndGlobalSection
	GlobalSection(ProjectConfigurationPlatforms) = postSolution
		{D710F7DD-37C5-4C35-9AA6-AD8053D4CD6A}.Debug|Any CPU.ActiveCfg = Debug|Any CPU
		{D710F7DD-37C5-4C35-9AA6-AD8053D4CD6A}.Debug|Any CPU.Build.0 = Debug|Any CPU
		{D710F7DD-37C5-4C35-9AA6-AD8053D4CD6A}.Release|Any CPU.ActiveCfg = Release|Any CPU
		{D710F7DD-37C5-4C35-9AA6-AD8053D4CD6A}.Release|Any CPU.Build.0 = Release|Any CPU
	EndGlobalSection
EndGlobal
